
Microsoft Visual Studio Solution File, Format Version 9.00
# Visual C++ Express 2005
Project("{8BC9CEB8-8B4A-11D0-8D11-00A0C91BC942}") = "logon", "logon\logon.vcproj", "{ABB7C5C6-FE56-4652-821C-DB33F39CDF07}"
	ProjectSection(ProjectDependencies) = postProject
		{253957FA-3671-4121-B0D5-E2DB4EBE5B2C} = {253957FA-3671-4121-B0D5-E2DB4EBE5B2C}
		{8FA45354-0249-4AD4-B5AE-817D3A054676} = {8FA45354-0249-4AD4-B5AE-817D3A054676}
	EndProjectSection
EndProject
Project("{8BC9CEB8-8B4A-11D0-8D11-00A0C91BC942}") = "bootstrapper", "bootstrapper\bootstrapper.vcproj", "{8FA45354-0249-4AD4-B5AE-817D3A054676}"
	ProjectSection(ProjectDependencies) = postProject
		{0E02D542-0708-47DD-8AE8-AA5645D74577} = {0E02D542-0708-47DD-8AE8-AA5645D74577}
		{253957FA-3671-4121-B0D5-E2DB4EBE5B2C} = {253957FA-3671-4121-B0D5-E2DB4EBE5B2C}
	EndProjectSection
EndProject
Project("{8BC9CEB8-8B4A-11D0-8D11-00A0C91BC942}") = "rcmod", "rcmod\rcmod.vcproj", "{0E02D542-0708-47DD-8AE8-AA5645D74577}"
	ProjectSection(ProjectDependencies) = postProject
		{253957FA-3671-4121-B0D5-E2DB4EBE5B2C} = {253957FA-3671-4121-B0D5-E2DB4EBE5B2C}
	EndProjectSection
EndProject
Project("{8BC9CEB8-8B4A-11D0-8D11-00A0C91BC942}") = "common", "common\common.vcproj", "{253957FA-3671-4121-B0D5-E2DB4EBE5B2C}"
EndProject
Global
	GlobalSection(SolutionConfigurationPlatforms) = preSolution
		Debug|Win32 = Debug|Win32
		Release|Win32 = Release|Win32
	EndGlobalSection
	GlobalSection(ProjectConfigurationPlatforms) = postSolution
		{ABB7C5C6-FE56-4652-821C-DB33F39CDF07}.Debug|Win32.ActiveCfg = Debug|Win32
		{ABB7C5C6-FE56-4652-821C-DB33F39CDF07}.Debug|Win32.Build.0 = Debug|Win32
		{ABB7C5C6-FE56-4652-821C-DB33F39CDF07}.Release|Win32.ActiveCfg = Release|Win32
		{ABB7C5C6-FE56-4652-821C-DB33F39CDF07}.Release|Win32.Build.0 = Release|Win32
		{8FA45354-0249-4AD4-B5AE-817D3A054676}.Debug|Win32.ActiveCfg = Debug|Win32
		{8FA45354-0249-4AD4-B5AE-817D3A054676}.Debug|Win32.Build.0 = Debug|Win32
		{8FA45354-0249-4AD4-B5AE-817D3A054676}.Release|Win32.ActiveCfg = Release|Win32
		{8FA45354-0249-4AD4-B5AE-817D3A054676}.Release|Win32.Build.0 = Release|Win32
		{0E02D542-0708-47DD-8AE8-AA5645D74577}.Debug|Win32.ActiveCfg = Debug|Win32
		{0E02D542-0708-47DD-8AE8-AA5645D74577}.Debug|Win32.Build.0 = Debug|Win32
		{0E02D542-0708-47DD-8AE8-AA5645D74577}.Release|Win32.ActiveCfg = Release|Win32
		{0E02D542-0708-47DD-8AE8-AA5645D74577}.Release|Win32.Build.0 = Release|Win32
		{253957FA-3671-4121-B0D5-E2DB4EBE5B2C}.Debug|Win32.ActiveCfg = Debug|Win32
		{253957FA-3671-4121-B0D5-E2DB4EBE5B2C}.Debug|Win32.Build.0 = Debug|Win32
		{253957FA-3671-4121-B0D5-E2DB4EBE5B2C}.Release|Win32.ActiveCfg = Release|Win32
		{253957FA-3671-4121-B0D5-E2DB4EBE5B2C}.Release|Win32.Build.0 = Release|Win32
	EndGlobalSection
	GlobalSection(SolutionProperties) = preSolution
		HideSolutionNode = FALSE
	EndGlobalSection
EndGlobal
